
Microsoft Visual Studio Solution File, Format Version 12.00
Project("{2150E333-8FDC-42A3-9474-1A3956D46DE8}") = "Lesson1", "Lesson1", "{AA295B74-E219-4D48-AAD2-E54FB6C05E7F}"
EndProject
Project("{2150E333-8FDC-42A3-9474-1A3956D46DE8}") = "Lesson2", "Lesson2", "{7940E640-ED25-4FB8-A75A-3BD3AA5EF1ED}"
EndProject
Project("{2150E333-8FDC-42A3-9474-1A3956D46DE8}") = "Lesson3", "Lesson3", "{0B3212A8-8D98-4432-AFE0-7C7A49F477A2}"
EndProject
Project("{2150E333-8FDC-42A3-9474-1A3956D46DE8}") = "Lesson4", "Lesson4", "{75F376F0-B124-48B3-A972-2B29B0E582E6}"
EndProject
Project("{2150E333-8FDC-42A3-9474-1A3956D46DE8}") = "Lesson5", "Lesson5", "{67953694-01FC-4D00-A76B-D8FC69C0C101}"
EndProject
Project("{2150E333-8FDC-42A3-9474-1A3956D46DE8}") = "Lesson6", "Lesson6", "{BB143887-B43D-4DE6-993C-7F05296AB92A}"
EndProject
Project("{2150E333-8FDC-42A3-9474-1A3956D46DE8}") = "Lesson7", "Lesson7", "{1238D912-76CA-4679-8F8F-0E401C255604}"
EndProject
Project("{2150E333-8FDC-42A3-9474-1A3956D46DE8}") = "Lesson8", "Lesson8", "{145FA48D-F447-4D8B-AFBB-EF3F7A80E792}"
EndProject
Project("{2150E333-8FDC-42A3-9474-1A3956D46DE8}") = "Lesson9", "Lesson9", "{6CDA1C9D-5521-4CD3-BD2D-5C4F22B06934}"
EndProject
Project("{2150E333-8FDC-42A3-9474-1A3956D46DE8}") = "Lesson10", "Lesson10", "{2EFF0DAA-37A7-43A3-A99E-860BF59DDCCD}"
EndProject
Project("{2150E333-8FDC-42A3-9474-1A3956D46DE8}") = "Lesson11", "Lesson11", "{0F2D5987-FD2B-40F4-8E96-36E573D049AE}"
EndProject
Project("{2150E333-8FDC-42A3-9474-1A3956D46DE8}") = "Lesson12", "Lesson12", "{8F55609E-16F6-4769-B0EB-FEA640E7AA58}"
EndProject
Project("{2150E333-8FDC-42A3-9474-1A3956D46DE8}") = "Lesson13", "Lesson13", "{80B2EDFC-385A-4827-B760-639B5002BF5C}"
EndProject
Project("{2150E333-8FDC-42A3-9474-1A3956D46DE8}") = "Lesson14", "Lesson14", "{6B457ECF-D098-41D0-939B-78637111E2D0}"
EndProject
Project("{2150E333-8FDC-42A3-9474-1A3956D46DE8}") = "Lesson15", "Lesson15", "{3A44BE01-5C7B-4459-8DB8-8A399FA8251D}"
EndProject
Project("{2150E333-8FDC-42A3-9474-1A3956D46DE8}") = "Lesson16", "Lesson16", "{897B17A7-9D0C-4F5F-B281-DE662F9F5CF2}"
EndProject
Project("{2150E333-8FDC-42A3-9474-1A3956D46DE8}") = "Lesson17", "Lesson17", "{AB660850-4D9E-4079-ACC7-FDC921BC0F00}"
EndProject
Project("{FAE04EC0-301F-11D3-BF4B-00C04F79EFBC}") = "L1Task1", "CySharpAdvancedCourse\Lesson1\L1Task1\L1Task1.csproj", "{45B1C8B3-7CFD-452B-B120-F545D06EC603}"
EndProject
Project("{FAE04EC0-301F-11D3-BF4B-00C04F79EFBC}") = "L1Task2", "CySharpAdvancedCourse\Lesson1\L1Task2\L1Task2.csproj", "{004EA6AF-9F51-423A-A538-7BFDBA4A488E}"
EndProject
Project("{FAE04EC0-301F-11D3-BF4B-00C04F79EFBC}") = "L1Task3", "CySharpAdvancedCourse\Lesson1\L1Task3\L1Task3.csproj", "{6D3265F6-3B34-41DF-A106-96A53866CCA4}"
EndProject
Project("{FAE04EC0-301F-11D3-BF4B-00C04F79EFBC}") = "L2Task1", "CySharpAdvancedCourse\Lesson2\L2Task1\L2Task1.csproj", "{14916331-952E-4420-AF9E-B24E7454BEC2}"
EndProject
Project("{FAE04EC0-301F-11D3-BF4B-00C04F79EFBC}") = "L2Task2", "CySharpAdvancedCourse\Lesson2\L2Task2\L2Task2.csproj", "{734F6F5E-DDAC-49F9-84A5-E9858BB5707A}"
EndProject
Project("{FAE04EC0-301F-11D3-BF4B-00C04F79EFBC}") = "L2Task3", "CySharpAdvancedCourse\Lesson2\L2Task3\L2Task3\L2Task3.csproj", "{3EBABCCB-6626-4B54-9BF6-329B17F37C03}"
EndProject
Project("{FAE04EC0-301F-11D3-BF4B-00C04F79EFBC}") = "L3Task1", "CySharpAdvancedCourse\Lesson3\L3Task1\L3Task1.csproj", "{E0C4128A-79D2-4332-AA13-488A9939BEDB}"
EndProject
Project("{FAE04EC0-301F-11D3-BF4B-00C04F79EFBC}") = "L3Task2", "CySharpAdvancedCourse\Lesson3\L3Task2\L3Task2.csproj", "{E6CCFA3B-BC8F-4EE8-A642-0FF209CF3600}"
EndProject
Project("{FAE04EC0-301F-11D3-BF4B-00C04F79EFBC}") = "L4Task1", "CySharpAdvancedCourse\Lesson4\L4Task1\L4Task1.csproj", "{BBB866F1-102C-4998-BF7A-9FADD8821EF5}"
EndProject
Project("{FAE04EC0-301F-11D3-BF4B-00C04F79EFBC}") = "L4Task2", "CySharpAdvancedCourse\Lesson4\L4Task2\L4Task2.csproj", "{A7C00157-7E0F-43D4-9279-58B59040125E}"
EndProject
Project("{FAE04EC0-301F-11D3-BF4B-00C04F79EFBC}") = "L4Task3", "CySharpAdvancedCourse\Lesson4\L4Task3\L4Task3.csproj", "{17E59562-367C-4851-BAB0-4BFF6A1D2CAD}"
EndProject
Project("{FAE04EC0-301F-11D3-BF4B-00C04F79EFBC}") = "L5Task1", "CySharpAdvancedCourse\Lesson5\L5Task1\L5Task1.csproj", "{289F3A10-7D92-4500-86F8-BA337D5617C1}"
EndProject
Project("{FAE04EC0-301F-11D3-BF4B-00C04F79EFBC}") = "L5Task2", "CySharpAdvancedCourse\Lesson5\L5Task2\L5Task2.csproj", "{152478E5-29B2-4966-826B-19CBF1032A6E}"
EndProject
Project("{FAE04EC0-301F-11D3-BF4B-00C04F79EFBC}") = "L5Task3", "CySharpAdvancedCourse\Lesson5\L5Task3\L5Task3.csproj", "{E0B41AFE-E4A8-4DFB-90D8-51FA625D9791}"
EndProject
Project("{FAE04EC0-301F-11D3-BF4B-00C04F79EFBC}") = "L6Task2", "CySharpAdvancedCourse\Lesson6\L6Task2\L6Task2.csproj", "{92EFB388-BAB6-4495-8078-F5C360ACFA27}"
EndProject
Project("{FAE04EC0-301F-11D3-BF4B-00C04F79EFBC}") = "L6Task1", "CySharpAdvancedCourse\Lesson6\L6Task1\L6Task1.csproj", "{61E6DE1B-E5F1-4FC7-B2FE-C4200DC1C5FA}"
EndProject
Project("{FAE04EC0-301F-11D3-BF4B-00C04F79EFBC}") = "L7Task1", "CySharpAdvancedCourse\Lesson7\L7Task1\L7Task1.csproj", "{918357EA-BB01-4C8E-B634-13A5F21794E2}"
EndProject
Project("{2150E333-8FDC-42A3-9474-1A3956D46DE8}") = "L7Task2", "L7Task2", "{EB38C3AF-ED1D-4C33-A2F2-4AD47BF292AE}"
EndProject
Project("{FAE04EC0-301F-11D3-BF4B-00C04F79EFBC}") = "Reflector", "CySharpAdvancedCourse\Lesson7\L7Task2\Reflector\Reflector\Reflector.csproj", "{66B31FD0-D241-41D6-9D30-9638BFD09F84}"
EndProject
Project("{FAE04EC0-301F-11D3-BF4B-00C04F79EFBC}") = "L8Task2", "CySharpAdvancedCourse\Lesson8\L8Task2\L8Task2\L8Task2.csproj", "{2E10CB7D-77AA-4502-B1AF-D637EE232989}"
EndProject
Project("{FAE04EC0-301F-11D3-BF4B-00C04F79EFBC}") = "L8Task1", "CySharpAdvancedCourse\Lesson8\L8Task1\L8Task1\L8Task1.csproj", "{327BFF57-410D-4621-97FF-F3A266EC58ED}"
EndProject
Project("{FAE04EC0-301F-11D3-BF4B-00C04F79EFBC}") = "L9Task1", "CySharpAdvancedCourse\Lesson9\L9Task1\L9Task1.csproj", "{45BD585A-1438-4BAD-A15C-09646CD0CA2E}"
EndProject
Global
	GlobalSection(SolutionConfigurationPlatforms) = preSolution
		Debug|Any CPU = Debug|Any CPU
		Release|Any CPU = Release|Any CPU
	EndGlobalSection
	GlobalSection(ProjectConfigurationPlatforms) = postSolution
		{45B1C8B3-7CFD-452B-B120-F545D06EC603}.Debug|Any CPU.ActiveCfg = Debug|Any CPU
		{45B1C8B3-7CFD-452B-B120-F545D06EC603}.Debug|Any CPU.Build.0 = Debug|Any CPU
		{45B1C8B3-7CFD-452B-B120-F545D06EC603}.Release|Any CPU.ActiveCfg = Release|Any CPU
		{45B1C8B3-7CFD-452B-B120-F545D06EC603}.Release|Any CPU.Build.0 = Release|Any CPU
		{004EA6AF-9F51-423A-A538-7BFDBA4A488E}.Debug|Any CPU.ActiveCfg = Debug|Any CPU
		{004EA6AF-9F51-423A-A538-7BFDBA4A488E}.Debug|Any CPU.Build.0 = Debug|Any CPU
		{004EA6AF-9F51-423A-A538-7BFDBA4A488E}.Release|Any CPU.ActiveCfg = Release|Any CPU
		{004EA6AF-9F51-423A-A538-7BFDBA4A488E}.Release|Any CPU.Build.0 = Release|Any CPU
		{6D3265F6-3B34-41DF-A106-96A53866CCA4}.Debug|Any CPU.ActiveCfg = Debug|Any CPU
		{6D3265F6-3B34-41DF-A106-96A53866CCA4}.Debug|Any CPU.Build.0 = Debug|Any CPU
		{6D3265F6-3B34-41DF-A106-96A53866CCA4}.Release|Any CPU.ActiveCfg = Release|Any CPU
		{6D3265F6-3B34-41DF-A106-96A53866CCA4}.Release|Any CPU.Build.0 = Release|Any CPU
		{14916331-952E-4420-AF9E-B24E7454BEC2}.Debug|Any CPU.ActiveCfg = Debug|Any CPU
		{14916331-952E-4420-AF9E-B24E7454BEC2}.Debug|Any CPU.Build.0 = Debug|Any CPU
		{14916331-952E-4420-AF9E-B24E7454BEC2}.Release|Any CPU.ActiveCfg = Release|Any CPU
		{14916331-952E-4420-AF9E-B24E7454BEC2}.Release|Any CPU.Build.0 = Release|Any CPU
		{734F6F5E-DDAC-49F9-84A5-E9858BB5707A}.Debug|Any CPU.ActiveCfg = Debug|Any CPU
		{734F6F5E-DDAC-49F9-84A5-E9858BB5707A}.Debug|Any CPU.Build.0 = Debug|Any CPU
		{734F6F5E-DDAC-49F9-84A5-E9858BB5707A}.Release|Any CPU.ActiveCfg = Release|Any CPU
		{734F6F5E-DDAC-49F9-84A5-E9858BB5707A}.Release|Any CPU.Build.0 = Release|Any CPU
		{3EBABCCB-6626-4B54-9BF6-329B17F37C03}.Debug|Any CPU.ActiveCfg = Debug|Any CPU
		{3EBABCCB-6626-4B54-9BF6-329B17F37C03}.Debug|Any CPU.Build.0 = Debug|Any CPU
		{3EBABCCB-6626-4B54-9BF6-329B17F37C03}.Release|Any CPU.ActiveCfg = Release|Any CPU
		{3EBABCCB-6626-4B54-9BF6-329B17F37C03}.Release|Any CPU.Build.0 = Release|Any CPU
		{E0C4128A-79D2-4332-AA13-488A9939BEDB}.Debug|Any CPU.ActiveCfg = Debug|Any CPU
		{E0C4128A-79D2-4332-AA13-488A9939BEDB}.Debug|Any CPU.Build.0 = Debug|Any CPU
		{E0C4128A-79D2-4332-AA13-488A9939BEDB}.Release|Any CPU.ActiveCfg = Release|Any CPU
		{E0C4128A-79D2-4332-AA13-488A9939BEDB}.Release|Any CPU.Build.0 = Release|Any CPU
		{E6CCFA3B-BC8F-4EE8-A642-0FF209CF3600}.Debug|Any CPU.ActiveCfg = Debug|Any CPU
		{E6CCFA3B-BC8F-4EE8-A642-0FF209CF3600}.Debug|Any CPU.Build.0 = Debug|Any CPU
		{E6CCFA3B-BC8F-4EE8-A642-0FF209CF3600}.Release|Any CPU.ActiveCfg = Release|Any CPU
		{E6CCFA3B-BC8F-4EE8-A642-0FF209CF3600}.Release|Any CPU.Build.0 = Release|Any CPU
		{BBB866F1-102C-4998-BF7A-9FADD8821EF5}.Debug|Any CPU.ActiveCfg = Debug|Any CPU
		{BBB866F1-102C-4998-BF7A-9FADD8821EF5}.Debug|Any CPU.Build.0 = Debug|Any CPU
		{BBB866F1-102C-4998-BF7A-9FADD8821EF5}.Release|Any CPU.ActiveCfg = Release|Any CPU
		{BBB866F1-102C-4998-BF7A-9FADD8821EF5}.Release|Any CPU.Build.0 = Release|Any CPU
		{A7C00157-7E0F-43D4-9279-58B59040125E}.Debug|Any CPU.ActiveCfg = Debug|Any CPU
		{A7C00157-7E0F-43D4-9279-58B59040125E}.Debug|Any CPU.Build.0 = Debug|Any CPU
		{A7C00157-7E0F-43D4-9279-58B59040125E}.Release|Any CPU.ActiveCfg = Release|Any CPU
		{A7C00157-7E0F-43D4-9279-58B59040125E}.Release|Any CPU.Build.0 = Release|Any CPU
		{17E59562-367C-4851-BAB0-4BFF6A1D2CAD}.Debug|Any CPU.ActiveCfg = Debug|Any CPU
		{17E59562-367C-4851-BAB0-4BFF6A1D2CAD}.Debug|Any CPU.Build.0 = Debug|Any CPU
		{17E59562-367C-4851-BAB0-4BFF6A1D2CAD}.Release|Any CPU.ActiveCfg = Release|Any CPU
		{17E59562-367C-4851-BAB0-4BFF6A1D2CAD}.Release|Any CPU.Build.0 = Release|Any CPU
		{289F3A10-7D92-4500-86F8-BA337D5617C1}.Debug|Any CPU.ActiveCfg = Debug|Any CPU
		{289F3A10-7D92-4500-86F8-BA337D5617C1}.Debug|Any CPU.Build.0 = Debug|Any CPU
		{289F3A10-7D92-4500-86F8-BA337D5617C1}.Release|Any CPU.ActiveCfg = Release|Any CPU
		{289F3A10-7D92-4500-86F8-BA337D5617C1}.Release|Any CPU.Build.0 = Release|Any CPU
		{152478E5-29B2-4966-826B-19CBF1032A6E}.Debug|Any CPU.ActiveCfg = Debug|Any CPU
		{152478E5-29B2-4966-826B-19CBF1032A6E}.Debug|Any CPU.Build.0 = Debug|Any CPU
		{152478E5-29B2-4966-826B-19CBF1032A6E}.Release|Any CPU.ActiveCfg = Release|Any CPU
		{152478E5-29B2-4966-826B-19CBF1032A6E}.Release|Any CPU.Build.0 = Release|Any CPU
		{E0B41AFE-E4A8-4DFB-90D8-51FA625D9791}.Debug|Any CPU.ActiveCfg = Debug|Any CPU
		{E0B41AFE-E4A8-4DFB-90D8-51FA625D9791}.Debug|Any CPU.Build.0 = Debug|Any CPU
		{E0B41AFE-E4A8-4DFB-90D8-51FA625D9791}.Release|Any CPU.ActiveCfg = Release|Any CPU
		{E0B41AFE-E4A8-4DFB-90D8-51FA625D9791}.Release|Any CPU.Build.0 = Release|Any CPU
		{92EFB388-BAB6-4495-8078-F5C360ACFA27}.Debug|Any CPU.ActiveCfg = Debug|Any CPU
		{92EFB388-BAB6-4495-8078-F5C360ACFA27}.Debug|Any CPU.Build.0 = Debug|Any CPU
		{92EFB388-BAB6-4495-8078-F5C360ACFA27}.Release|Any CPU.ActiveCfg = Release|Any CPU
		{92EFB388-BAB6-4495-8078-F5C360ACFA27}.Release|Any CPU.Build.0 = Release|Any CPU
		{61E6DE1B-E5F1-4FC7-B2FE-C4200DC1C5FA}.Debug|Any CPU.ActiveCfg = Debug|Any CPU
		{61E6DE1B-E5F1-4FC7-B2FE-C4200DC1C5FA}.Debug|Any CPU.Build.0 = Debug|Any CPU
		{61E6DE1B-E5F1-4FC7-B2FE-C4200DC1C5FA}.Release|Any CPU.ActiveCfg = Release|Any CPU
		{61E6DE1B-E5F1-4FC7-B2FE-C4200DC1C5FA}.Release|Any CPU.Build.0 = Release|Any CPU
		{918357EA-BB01-4C8E-B634-13A5F21794E2}.Debug|Any CPU.ActiveCfg = Debug|Any CPU
		{918357EA-BB01-4C8E-B634-13A5F21794E2}.Debug|Any CPU.Build.0 = Debug|Any CPU
		{918357EA-BB01-4C8E-B634-13A5F21794E2}.Release|Any CPU.ActiveCfg = Release|Any CPU
		{918357EA-BB01-4C8E-B634-13A5F21794E2}.Release|Any CPU.Build.0 = Release|Any CPU
		{66B31FD0-D241-41D6-9D30-9638BFD09F84}.Debug|Any CPU.ActiveCfg = Debug|Any CPU
		{66B31FD0-D241-41D6-9D30-9638BFD09F84}.Debug|Any CPU.Build.0 = Debug|Any CPU
		{66B31FD0-D241-41D6-9D30-9638BFD09F84}.Release|Any CPU.ActiveCfg = Release|Any CPU
		{66B31FD0-D241-41D6-9D30-9638BFD09F84}.Release|Any CPU.Build.0 = Release|Any CPU
		{2E10CB7D-77AA-4502-B1AF-D637EE232989}.Debug|Any CPU.ActiveCfg = Debug|Any CPU
		{2E10CB7D-77AA-4502-B1AF-D637EE232989}.Debug|Any CPU.Build.0 = Debug|Any CPU
		{2E10CB7D-77AA-4502-B1AF-D637EE232989}.Release|Any CPU.ActiveCfg = Release|Any CPU
		{2E10CB7D-77AA-4502-B1AF-D637EE232989}.Release|Any CPU.Build.0 = Release|Any CPU
		{327BFF57-410D-4621-97FF-F3A266EC58ED}.Debug|Any CPU.ActiveCfg = Debug|Any CPU
		{327BFF57-410D-4621-97FF-F3A266EC58ED}.Debug|Any CPU.Build.0 = Debug|Any CPU
		{327BFF57-410D-4621-97FF-F3A266EC58ED}.Release|Any CPU.ActiveCfg = Release|Any CPU
		{327BFF57-410D-4621-97FF-F3A266EC58ED}.Release|Any CPU.Build.0 = Release|Any CPU
		{45BD585A-1438-4BAD-A15C-09646CD0CA2E}.Debug|Any CPU.ActiveCfg = Debug|Any CPU
		{45BD585A-1438-4BAD-A15C-09646CD0CA2E}.Debug|Any CPU.Build.0 = Debug|Any CPU
		{45BD585A-1438-4BAD-A15C-09646CD0CA2E}.Release|Any CPU.ActiveCfg = Release|Any CPU
		{45BD585A-1438-4BAD-A15C-09646CD0CA2E}.Release|Any CPU.Build.0 = Release|Any CPU
	EndGlobalSection
	GlobalSection(NestedProjects) = preSolution
		{45B1C8B3-7CFD-452B-B120-F545D06EC603} = {AA295B74-E219-4D48-AAD2-E54FB6C05E7F}
		{004EA6AF-9F51-423A-A538-7BFDBA4A488E} = {AA295B74-E219-4D48-AAD2-E54FB6C05E7F}
		{6D3265F6-3B34-41DF-A106-96A53866CCA4} = {AA295B74-E219-4D48-AAD2-E54FB6C05E7F}
		{14916331-952E-4420-AF9E-B24E7454BEC2} = {7940E640-ED25-4FB8-A75A-3BD3AA5EF1ED}
		{734F6F5E-DDAC-49F9-84A5-E9858BB5707A} = {7940E640-ED25-4FB8-A75A-3BD3AA5EF1ED}
		{3EBABCCB-6626-4B54-9BF6-329B17F37C03} = {7940E640-ED25-4FB8-A75A-3BD3AA5EF1ED}
		{E0C4128A-79D2-4332-AA13-488A9939BEDB} = {0B3212A8-8D98-4432-AFE0-7C7A49F477A2}
		{E6CCFA3B-BC8F-4EE8-A642-0FF209CF3600} = {0B3212A8-8D98-4432-AFE0-7C7A49F477A2}
		{BBB866F1-102C-4998-BF7A-9FADD8821EF5} = {75F376F0-B124-48B3-A972-2B29B0E582E6}
		{A7C00157-7E0F-43D4-9279-58B59040125E} = {75F376F0-B124-48B3-A972-2B29B0E582E6}
		{17E59562-367C-4851-BAB0-4BFF6A1D2CAD} = {75F376F0-B124-48B3-A972-2B29B0E582E6}
		{289F3A10-7D92-4500-86F8-BA337D5617C1} = {67953694-01FC-4D00-A76B-D8FC69C0C101}
		{152478E5-29B2-4966-826B-19CBF1032A6E} = {67953694-01FC-4D00-A76B-D8FC69C0C101}
		{E0B41AFE-E4A8-4DFB-90D8-51FA625D9791} = {67953694-01FC-4D00-A76B-D8FC69C0C101}
		{92EFB388-BAB6-4495-8078-F5C360ACFA27} = {BB143887-B43D-4DE6-993C-7F05296AB92A}
		{61E6DE1B-E5F1-4FC7-B2FE-C4200DC1C5FA} = {BB143887-B43D-4DE6-993C-7F05296AB92A}
		{918357EA-BB01-4C8E-B634-13A5F21794E2} = {1238D912-76CA-4679-8F8F-0E401C255604}
		{EB38C3AF-ED1D-4C33-A2F2-4AD47BF292AE} = {1238D912-76CA-4679-8F8F-0E401C255604}
		{66B31FD0-D241-41D6-9D30-9638BFD09F84} = {EB38C3AF-ED1D-4C33-A2F2-4AD47BF292AE}
		{2E10CB7D-77AA-4502-B1AF-D637EE232989} = {145FA48D-F447-4D8B-AFBB-EF3F7A80E792}
		{327BFF57-410D-4621-97FF-F3A266EC58ED} = {145FA48D-F447-4D8B-AFBB-EF3F7A80E792}
		{45BD585A-1438-4BAD-A15C-09646CD0CA2E} = {6CDA1C9D-5521-4CD3-BD2D-5C4F22B06934}
	EndGlobalSection
EndGlobal
